
Microsoft Visual Studio Solution File, Format Version 12.00
# Visual Studio Version 16
VisualStudioVersion = 16.0.29102.190
MinimumVisualStudioVersion = 10.0.40219.1
Project("{FAE04EC0-301F-11D3-BF4B-00C04F79EFBC}") = "spaceXpp.Android", "spaceXpp\spaceXpp.Android\spaceXpp.Android.csproj", "{7FBE3FC8-1273-4F07-A035-2E6A5ED3D86B}"
EndProject
Project("{FAE04EC0-301F-11D3-BF4B-00C04F79EFBC}") = "spaceXpp.iOS", "spaceXpp\spaceXpp.iOS\spaceXpp.iOS.csproj", "{BF588444-D0E3-4B4F-8FBC-FF03E0F11849}"
EndProject
Project("{FAE04EC0-301F-11D3-BF4B-00C04F79EFBC}") = "spaceXpp", "spaceXpp\spaceXpp\spaceXpp.csproj", "{655BE0FB-26F8-4A10-8F36-079703DB27AA}"
EndProject
Global
	GlobalSection(SolutionConfigurationPlatforms) = preSolution
		Debug|Any CPU = Debug|Any CPU
		Debug|iPhone = Debug|iPhone
		Debug|iPhoneSimulator = Debug|iPhoneSimulator
		Release|Any CPU = Release|Any CPU
		Release|iPhone = Release|iPhone
		Release|iPhoneSimulator = Release|iPhoneSimulator
	EndGlobalSection
	GlobalSection(ProjectConfigurationPlatforms) = postSolution
		{7FBE3FC8-1273-4F07-A035-2E6A5ED3D86B}.Debug|Any CPU.ActiveCfg = Debug|Any CPU
		{7FBE3FC8-1273-4F07-A035-2E6A5ED3D86B}.Debug|Any CPU.Build.0 = Debug|Any CPU
		{7FBE3FC8-1273-4F07-A035-2E6A5ED3D86B}.Debug|Any CPU.Deploy.0 = Debug|Any CPU
		{7FBE3FC8-1273-4F07-A035-2E6A5ED3D86B}.Debug|iPhone.ActiveCfg = Debug|Any CPU
		{7FBE3FC8-1273-4F07-A035-2E6A5ED3D86B}.Debug|iPhone.Build.0 = Debug|Any CPU
		{7FBE3FC8-1273-4F07-A035-2E6A5ED3D86B}.Debug|iPhone.Deploy.0 = Debug|Any CPU
		{7FBE3FC8-1273-4F07-A035-2E6A5ED3D86B}.Debug|iPhoneSimulator.ActiveCfg = Debug|Any CPU
		{7FBE3FC8-1273-4F07-A035-2E6A5ED3D86B}.Debug|iPhoneSimulator.Build.0 = Debug|Any CPU
		{7FBE3FC8-1273-4F07-A035-2E6A5ED3D86B}.Debug|iPhoneSimulator.Deploy.0 = Debug|Any CPU
		{7FBE3FC8-1273-4F07-A035-2E6A5ED3D86B}.Release|Any CPU.ActiveCfg = Release|Any CPU
		{7FBE3FC8-1273-4F07-A035-2E6A5ED3D86B}.Release|Any CPU.Build.0 = Release|Any CPU
		{7FBE3FC8-1273-4F07-A035-2E6A5ED3D86B}.Release|Any CPU.Deploy.0 = Release|Any CPU
		{7FBE3FC8-1273-4F07-A035-2E6A5ED3D86B}.Release|iPhone.ActiveCfg = Release|Any CPU
		{7FBE3FC8-1273-4F07-A035-2E6A5ED3D86B}.Release|iPhone.Build.0 = Release|Any CPU
		{7FBE3FC8-1273-4F07-A035-2E6A5ED3D86B}.Release|iPhone.Deploy.0 = Release|Any CPU
		{7FBE3FC8-1273-4F07-A035-2E6A5ED3D86B}.Release|iPhoneSimulator.ActiveCfg = Release|Any CPU
		{7FBE3FC8-1273-4F07-A035-2E6A5ED3D86B}.Release|iPhoneSimulator.Build.0 = Release|Any CPU
		{7FBE3FC8-1273-4F07-A035-2E6A5ED3D86B}.Release|iPhoneSimulator.Deploy.0 = Release|Any CPU
		{BF588444-D0E3-4B4F-8FBC-FF03E0F11849}.Debug|Any CPU.ActiveCfg = Debug|iPhoneSimulator
		{BF588444-D0E3-4B4F-8FBC-FF03E0F11849}.Debug|Any CPU.Build.0 = Debug|iPhoneSimulator
		{BF588444-D0E3-4B4F-8FBC-FF03E0F11849}.Debug|Any CPU.Deploy.0 = Debug|iPhoneSimulator
		{BF588444-D0E3-4B4F-8FBC-FF03E0F11849}.Debug|iPhone.ActiveCfg = Debug|iPhone
		{BF588444-D0E3-4B4F-8FBC-FF03E0F11849}.Debug|iPhone.Build.0 = Debug|iPhone
		{BF588444-D0E3-4B4F-8FBC-FF03E0F11849}.Debug|iPhone.Deploy.0 = Debug|iPhone
		{BF588444-D0E3-4B4F-8FBC-FF03E0F11849}.Debug|iPhoneSimulator.ActiveCfg = Debug|iPhoneSimulator
		{BF588444-D0E3-4B4F-8FBC-FF03E0F11849}.Debug|iPhoneSimulator.Build.0 = Debug|iPhoneSimulator
		{BF588444-D0E3-4B4F-8FBC-FF03E0F11849}.Debug|iPhoneSimulator.Deploy.0 = Debug|iPhoneSimulator
		{BF588444-D0E3-4B4F-8FBC-FF03E0F11849}.Release|Any CPU.ActiveCfg = Release|iPhone
		{BF588444-D0E3-4B4F-8FBC-FF03E0F11849}.Release|Any CPU.Build.0 = Release|iPhone
		{BF588444-D0E3-4B4F-8FBC-FF03E0F11849}.Release|Any CPU.Deploy.0 = Release|iPhone
		{BF588444-D0E3-4B4F-8FBC-FF03E0F11849}.Release|iPhone.ActiveCfg = Release|iPhone
		{BF588444-D0E3-4B4F-8FBC-FF03E0F11849}.Release|iPhone.Build.0 = Release|iPhone
		{BF588444-D0E3-4B4F-8FBC-FF03E0F11849}.Release|iPhone.Deploy.0 = Release|iPhone
		{BF588444-D0E3-4B4F-8FBC-FF03E0F11849}.Release|iPhoneSimulator.ActiveCfg = Release|iPhoneSimulator
		{BF588444-D0E3-4B4F-8FBC-FF03E0F11849}.Release|iPhoneSimulator.Build.0 = Release|iPhoneSimulator
		{BF588444-D0E3-4B4F-8FBC-FF03E0F11849}.Release|iPhoneSimulator.Deploy.0 = Release|iPhoneSimulator
		{655BE0FB-26F8-4A10-8F36-079703DB27AA}.Debug|Any CPU.ActiveCfg = Debug|Any CPU
		{655BE0FB-26F8-4A10-8F36-079703DB27AA}.Debug|Any CPU.Build.0 = Debug|Any CPU
		{655BE0FB-26F8-4A10-8F36-079703DB27AA}.Debug|Any CPU.Deploy.0 = Debug|Any CPU
		{655BE0FB-26F8-4A10-8F36-079703DB27AA}.Debug|iPhone.ActiveCfg = Debug|Any CPU
		{655BE0FB-26F8-4A10-8F36-079703DB27AA}.Debug|iPhone.Build.0 = Debug|Any CPU
		{655BE0FB-26F8-4A10-8F36-079703DB27AA}.Debug|iPhone.Deploy.0 = Debug|Any CPU
		{655BE0FB-26F8-4A10-8F36-079703DB27AA}.Debug|iPhoneSimulator.ActiveCfg = Debug|Any CPU
		{655BE0FB-26F8-4A10-8F36-079703DB27AA}.Debug|iPhoneSimulator.Build.0 = Debug|Any CPU
		{655BE0FB-26F8-4A10-8F36-079703DB27AA}.Debug|iPhoneSimulator.Deploy.0 = Debug|Any CPU
		{655BE0FB-26F8-4A10-8F36-079703DB27AA}.Release|Any CPU.ActiveCfg = Release|Any CPU
		{655BE0FB-26F8-4A10-8F36-079703DB27AA}.Release|Any CPU.Build.0 = Release|Any CPU
		{655BE0FB-26F8-4A10-8F36-079703DB27AA}.Release|Any CPU.Deploy.0 = Release|Any CPU
		{655BE0FB-26F8-4A10-8F36-079703DB27AA}.Release|iPhone.ActiveCfg = Release|Any CPU
		{655BE0FB-26F8-4A10-8F36-079703DB27AA}.Release|iPhone.Build.0 = Release|Any CPU
		{655BE0FB-26F8-4A10-8F36-079703DB27AA}.Release|iPhone.Deploy.0 = Release|Any CPU
		{655BE0FB-26F8-4A10-8F36-079703DB27AA}.Release|iPhoneSimulator.ActiveCfg = Release|Any CPU
		{655BE0FB-26F8-4A10-8F36-079703DB27AA}.Release|iPhoneSimulator.Build.0 = Release|Any CPU
		{655BE0FB-26F8-4A10-8F36-079703DB27AA}.Release|iPhoneSimulator.Deploy.0 = Release|Any CPU
	EndGlobalSection
	GlobalSection(SolutionProperties) = preSolution
		HideSolutionNode = FALSE
	EndGlobalSection
	GlobalSection(ExtensibilityGlobals) = postSolution
		SolutionGuid = {AEDED9B4-5665-4FE5-AF64-25DE39434347}
	EndGlobalSection
EndGlobal
